
Microsoft Visual Studio Solution File, Format Version 12.00
# Visual Studio Version 16
VisualStudioVersion = 16.0.30204.135
MinimumVisualStudioVersion = 10.0.40219.1
Project("{FAE04EC0-301F-11D3-BF4B-00C04F79EFBC}") = "CovidCounter.Android", "CovidCounter\CovidCounter.Android\CovidCounter.Android.csproj", "{1400F458-B07D-476A-8658-13CC4951075A}"
EndProject
Project("{FAE04EC0-301F-11D3-BF4B-00C04F79EFBC}") = "CovidCounter.iOS", "CovidCounter\CovidCounter.iOS\CovidCounter.iOS.csproj", "{AC861324-FACE-4EE4-B451-ACD20D8A784E}"
EndProject
Project("{FAE04EC0-301F-11D3-BF4B-00C04F79EFBC}") = "CovidCounter", "CovidCounter\CovidCounter\CovidCounter.csproj", "{5347B9B2-DB9F-4AFA-93D5-3F477E96A77E}"
EndProject
Global
	GlobalSection(SolutionConfigurationPlatforms) = preSolution
		Debug|Any CPU = Debug|Any CPU
		Debug|iPhone = Debug|iPhone
		Debug|iPhoneSimulator = Debug|iPhoneSimulator
		Release|Any CPU = Release|Any CPU
		Release|iPhone = Release|iPhone
		Release|iPhoneSimulator = Release|iPhoneSimulator
	EndGlobalSection
	GlobalSection(ProjectConfigurationPlatforms) = postSolution
		{1400F458-B07D-476A-8658-13CC4951075A}.Debug|Any CPU.ActiveCfg = Debug|Any CPU
		{1400F458-B07D-476A-8658-13CC4951075A}.Debug|Any CPU.Build.0 = Debug|Any CPU
		{1400F458-B07D-476A-8658-13CC4951075A}.Debug|Any CPU.Deploy.0 = Debug|Any CPU
		{1400F458-B07D-476A-8658-13CC4951075A}.Debug|iPhone.ActiveCfg = Debug|Any CPU
		{1400F458-B07D-476A-8658-13CC4951075A}.Debug|iPhone.Build.0 = Debug|Any CPU
		{1400F458-B07D-476A-8658-13CC4951075A}.Debug|iPhone.Deploy.0 = Debug|Any CPU
		{1400F458-B07D-476A-8658-13CC4951075A}.Debug|iPhoneSimulator.ActiveCfg = Debug|Any CPU
		{1400F458-B07D-476A-8658-13CC4951075A}.Debug|iPhoneSimulator.Build.0 = Debug|Any CPU
		{1400F458-B07D-476A-8658-13CC4951075A}.Debug|iPhoneSimulator.Deploy.0 = Debug|Any CPU
		{1400F458-B07D-476A-8658-13CC4951075A}.Release|Any CPU.ActiveCfg = Release|Any CPU
		{1400F458-B07D-476A-8658-13CC4951075A}.Release|Any CPU.Build.0 = Release|Any CPU
		{1400F458-B07D-476A-8658-13CC4951075A}.Release|Any CPU.Deploy.0 = Release|Any CPU
		{1400F458-B07D-476A-8658-13CC4951075A}.Release|iPhone.ActiveCfg = Release|Any CPU
		{1400F458-B07D-476A-8658-13CC4951075A}.Release|iPhone.Build.0 = Release|Any CPU
		{1400F458-B07D-476A-8658-13CC4951075A}.Release|iPhone.Deploy.0 = Release|Any CPU
		{1400F458-B07D-476A-8658-13CC4951075A}.Release|iPhoneSimulator.ActiveCfg = Release|Any CPU
		{1400F458-B07D-476A-8658-13CC4951075A}.Release|iPhoneSimulator.Build.0 = Release|Any CPU
		{1400F458-B07D-476A-8658-13CC4951075A}.Release|iPhoneSimulator.Deploy.0 = Release|Any CPU
		{AC861324-FACE-4EE4-B451-ACD20D8A784E}.Debug|Any CPU.ActiveCfg = Debug|iPhone
		{AC861324-FACE-4EE4-B451-ACD20D8A784E}.Debug|Any CPU.Build.0 = Debug|iPhone
		{AC861324-FACE-4EE4-B451-ACD20D8A784E}.Debug|Any CPU.Deploy.0 = Debug|iPhone
		{AC861324-FACE-4EE4-B451-ACD20D8A784E}.Debug|iPhone.ActiveCfg = Debug|iPhone
		{AC861324-FACE-4EE4-B451-ACD20D8A784E}.Debug|iPhone.Build.0 = Debug|iPhone
		{AC861324-FACE-4EE4-B451-ACD20D8A784E}.Debug|iPhone.Deploy.0 = Debug|iPhone
		{AC861324-FACE-4EE4-B451-ACD20D8A784E}.Debug|iPhoneSimulator.ActiveCfg = Debug|iPhoneSimulator
		{AC861324-FACE-4EE4-B451-ACD20D8A784E}.Debug|iPhoneSimulator.Build.0 = Debug|iPhoneSimulator
		{AC861324-FACE-4EE4-B451-ACD20D8A784E}.Debug|iPhoneSimulator.Deploy.0 = Debug|iPhoneSimulator
		{AC861324-FACE-4EE4-B451-ACD20D8A784E}.Release|Any CPU.ActiveCfg = Release|iPhone
		{AC861324-FACE-4EE4-B451-ACD20D8A784E}.Release|Any CPU.Build.0 = Release|iPhone
		{AC861324-FACE-4EE4-B451-ACD20D8A784E}.Release|Any CPU.Deploy.0 = Release|iPhone
		{AC861324-FACE-4EE4-B451-ACD20D8A784E}.Release|iPhone.ActiveCfg = Release|iPhone
		{AC861324-FACE-4EE4-B451-ACD20D8A784E}.Release|iPhone.Build.0 = Release|iPhone
		{AC861324-FACE-4EE4-B451-ACD20D8A784E}.Release|iPhone.Deploy.0 = Release|iPhone
		{AC861324-FACE-4EE4-B451-ACD20D8A784E}.Release|iPhoneSimulator.ActiveCfg = Release|iPhoneSimulator
		{AC861324-FACE-4EE4-B451-ACD20D8A784E}.Release|iPhoneSimulator.Build.0 = Release|iPhoneSimulator
		{AC861324-FACE-4EE4-B451-ACD20D8A784E}.Release|iPhoneSimulator.Deploy.0 = Release|iPhoneSimulator
		{5347B9B2-DB9F-4AFA-93D5-3F477E96A77E}.Debug|Any CPU.ActiveCfg = Debug|Any CPU
		{5347B9B2-DB9F-4AFA-93D5-3F477E96A77E}.Debug|Any CPU.Build.0 = Debug|Any CPU
		{5347B9B2-DB9F-4AFA-93D5-3F477E96A77E}.Debug|Any CPU.Deploy.0 = Debug|Any CPU
		{5347B9B2-DB9F-4AFA-93D5-3F477E96A77E}.Debug|iPhone.ActiveCfg = Debug|Any CPU
		{5347B9B2-DB9F-4AFA-93D5-3F477E96A77E}.Debug|iPhone.Build.0 = Debug|Any CPU
		{5347B9B2-DB9F-4AFA-93D5-3F477E96A77E}.Debug|iPhone.Deploy.0 = Debug|Any CPU
		{5347B9B2-DB9F-4AFA-93D5-3F477E96A77E}.Debug|iPhoneSimulator.ActiveCfg = Debug|Any CPU
		{5347B9B2-DB9F-4AFA-93D5-3F477E96A77E}.Debug|iPhoneSimulator.Build.0 = Debug|Any CPU
		{5347B9B2-DB9F-4AFA-93D5-3F477E96A77E}.Debug|iPhoneSimulator.Deploy.0 = Debug|Any CPU
		{5347B9B2-DB9F-4AFA-93D5-3F477E96A77E}.Release|Any CPU.ActiveCfg = Release|Any CPU
		{5347B9B2-DB9F-4AFA-93D5-3F477E96A77E}.Release|Any CPU.Build.0 = Release|Any CPU
		{5347B9B2-DB9F-4AFA-93D5-3F477E96A77E}.Release|Any CPU.Deploy.0 = Release|Any CPU
		{5347B9B2-DB9F-4AFA-93D5-3F477E96A77E}.Release|iPhone.ActiveCfg = Release|Any CPU
		{5347B9B2-DB9F-4AFA-93D5-3F477E96A77E}.Release|iPhone.Build.0 = Release|Any CPU
		{5347B9B2-DB9F-4AFA-93D5-3F477E96A77E}.Release|iPhone.Deploy.0 = Release|Any CPU
		{5347B9B2-DB9F-4AFA-93D5-3F477E96A77E}.Release|iPhoneSimulator.ActiveCfg = Release|Any CPU
		{5347B9B2-DB9F-4AFA-93D5-3F477E96A77E}.Release|iPhoneSimulator.Build.0 = Release|Any CPU
		{5347B9B2-DB9F-4AFA-93D5-3F477E96A77E}.Release|iPhoneSimulator.Deploy.0 = Release|Any CPU
	EndGlobalSection
	GlobalSection(SolutionProperties) = preSolution
		HideSolutionNode = FALSE
	EndGlobalSection
	GlobalSection(ExtensibilityGlobals) = postSolution
		SolutionGuid = {18471AB3-93ED-4CA4-B7D5-CE3A8073A619}
	EndGlobalSection
EndGlobal
